
Microsoft Visual Studio Solution File, Format Version 12.00
# Visual Studio Version 16
VisualStudioVersion = 16.0.30225.117
MinimumVisualStudioVersion = 10.0.40219.1
Project("{9A19103F-16F7-4668-BE54-9A1E7A4F7556}") = "Manager", "Manager\Manager.csproj", "{07ABFBC4-D3A5-488E-A0EF-E2CE255ABED4}"
EndProject
Global
	GlobalSection(SolutionConfigurationPlatforms) = preSolution
		Debug|Any CPU = Debug|Any CPU
		Release|Any CPU = Release|Any CPU
	EndGlobalSection
	GlobalSection(ProjectConfigurationPlatforms) = postSolution
		{07ABFBC4-D3A5-488E-A0EF-E2CE255ABED4}.Debug|Any CPU.ActiveCfg = Debug|Any CPU
		{07ABFBC4-D3A5-488E-A0EF-E2CE255ABED4}.Debug|Any CPU.Build.0 = Debug|Any CPU
		{07ABFBC4-D3A5-488E-A0EF-E2CE255ABED4}.Release|Any CPU.ActiveCfg = Release|Any CPU
		{07ABFBC4-D3A5-488E-A0EF-E2CE255ABED4}.Release|Any CPU.Build.0 = Release|Any CPU
	EndGlobalSection
	GlobalSection(SolutionProperties) = preSolution
		HideSolutionNode = FALSE
	EndGlobalSection
	GlobalSection(ExtensibilityGlobals) = postSolution
		SolutionGuid = {4B0C6CAB-8F82-47F8-83EE-FED9500FF314}
	EndGlobalSection
EndGlobal
